// !$*UTF8*$!
{
	archiveVersion = 1;
	classes = {
	};
	objectVersion = 48;
	objects = {

/* Begin PBXBuildFile section */
		12E59F1ACAF3159071159DA0 /* Pods_ShowTests.framework in Frameworks */ = {isa = PBXBuildFile; fileRef = 80EB72F0C9EB765F49B50F79 /* Pods_ShowTests.framework */; };
		3B0ADBE72060CEF600494E4B /* AppDelegate.swift in Sources */ = {isa = PBXBuildFile; fileRef = 3B0ADBE62060CEF600494E4B /* AppDelegate.swift */; };
		3B0ADBEC2060CEF600494E4B /* Main.storyboard in Resources */ = {isa = PBXBuildFile; fileRef = 3B0ADBEA2060CEF600494E4B /* Main.storyboard */; };
		3B0ADBEE2060CEF600494E4B /* Assets.xcassets in Resources */ = {isa = PBXBuildFile; fileRef = 3B0ADBED2060CEF600494E4B /* Assets.xcassets */; };
		3B0ADBF12060CEF600494E4B /* LaunchScreen.storyboard in Resources */ = {isa = PBXBuildFile; fileRef = 3B0ADBEF2060CEF600494E4B /* LaunchScreen.storyboard */; };
		3B0ADBFC2060CEF600494E4B /* ShowTests.swift in Sources */ = {isa = PBXBuildFile; fileRef = 3B0ADBFB2060CEF600494E4B /* ShowTests.swift */; };
		3B0ADC072060CEF700494E4B /* ShowUITests.swift in Sources */ = {isa = PBXBuildFile; fileRef = 3B0ADC062060CEF700494E4B /* ShowUITests.swift */; };
		3B0ADC162060D08C00494E4B /* HomePage.swift in Sources */ = {isa = PBXBuildFile; fileRef = 3B0ADC152060D08C00494E4B /* HomePage.swift */; };
		3B0ADC192060DD2400494E4B /* HomePageCollectionCell.swift in Sources */ = {isa = PBXBuildFile; fileRef = 3B0ADC182060DD2400494E4B /* HomePageCollectionCell.swift */; };
		3B0ADC1C2061C94500494E4B /* Monoton-Regular.ttf in Resources */ = {isa = PBXBuildFile; fileRef = 3B0ADC1B2061C94500494E4B /* Monoton-Regular.ttf */; };
		3B0ADC1E2061CB2000494E4B /* RubikMonoOne-Regular.ttf in Resources */ = {isa = PBXBuildFile; fileRef = 3B0ADC1D2061CB1F00494E4B /* RubikMonoOne-Regular.ttf */; };
		C87366ACAAF579DC7B863D34 /* Pods_ShowUITests.framework in Frameworks */ = {isa = PBXBuildFile; fileRef = 0E3EE09EAB09A73F2A62134A /* Pods_ShowUITests.framework */; };
		FCC7FC8D88267B6BD3A4BE3D /* Pods_Show.framework in Frameworks */ = {isa = PBXBuildFile; fileRef = 8C9050EB06CE9A149FA90F06 /* Pods_Show.framework */; };
/* End PBXBuildFile section */

/* Begin PBXContainerItemProxy section */
		3B0ADBF82060CEF600494E4B /* PBXContainerItemProxy */ = {
			isa = PBXContainerItemProxy;
			containerPortal = 3B0ADBDB2060CEF600494E4B /* Project object */;
			proxyType = 1;
			remoteGlobalIDString = 3B0ADBE22060CEF600494E4B;
			remoteInfo = Show;
		};
		3B0ADC032060CEF700494E4B /* PBXContainerItemProxy */ = {
			isa = PBXContainerItemProxy;
			containerPortal = 3B0ADBDB2060CEF600494E4B /* Project object */;
			proxyType = 1;
			remoteGlobalIDString = 3B0ADBE22060CEF600494E4B;
			remoteInfo = Show;
		};
/* End PBXContainerItemProxy section */

/* Begin PBXFileReference section */
		0E3EE09EAB09A73F2A62134A /* Pods_ShowUITests.framework */ = {isa = PBXFileReference; explicitFileType = wrapper.framework; includeInIndex = 0; path = Pods_ShowUITests.framework; sourceTree = BUILT_PRODUCTS_DIR; };
		148F92A945DD50F9B33F6B6E /* Pods-ShowTests.debug.xcconfig */ = {isa = PBXFileReference; includeInIndex = 1; lastKnownFileType = text.xcconfig; name = "Pods-ShowTests.debug.xcconfig"; path = "Pods/Target Support Files/Pods-ShowTests/Pods-ShowTests.debug.xcconfig"; sourceTree = "<group>"; };
		28D56F245B07BDD670E513C5 /* Pods-Show.release.xcconfig */ = {isa = PBXFileReference; includeInIndex = 1; lastKnownFileType = text.xcconfig; name = "Pods-Show.release.xcconfig"; path = "Pods/Target Support Files/Pods-Show/Pods-Show.release.xcconfig"; sourceTree = "<group>"; };
		3B0ADBE32060CEF600494E4B /* Show.app */ = {isa = PBXFileReference; explicitFileType = wrapper.application; includeInIndex = 0; path = Show.app; sourceTree = BUILT_PRODUCTS_DIR; };
		3B0ADBE62060CEF600494E4B /* AppDelegate.swift */ = {isa = PBXFileReference; lastKnownFileType = sourcecode.swift; path = AppDelegate.swift; sourceTree = "<group>"; };
		3B0ADBEB2060CEF600494E4B /* Base */ = {isa = PBXFileReference; lastKnownFileType = file.storyboard; name = Base; path = Base.lproj/Main.storyboard; sourceTree = "<group>"; };
		3B0ADBED2060CEF600494E4B /* Assets.xcassets */ = {isa = PBXFileReference; lastKnownFileType = folder.assetcatalog; path = Assets.xcassets; sourceTree = "<group>"; };
		3B0ADBF02060CEF600494E4B /* Base */ = {isa = PBXFileReference; lastKnownFileType = file.storyboard; name = Base; path = Base.lproj/LaunchScreen.storyboard; sourceTree = "<group>"; };
		3B0ADBF22060CEF600494E4B /* Info.plist */ = {isa = PBXFileReference; lastKnownFileType = text.plist.xml; path = Info.plist; sourceTree = "<group>"; };
		3B0ADBF72060CEF600494E4B /* ShowTests.xctest */ = {isa = PBXFileReference; explicitFileType = wrapper.cfbundle; includeInIndex = 0; path = ShowTests.xctest; sourceTree = BUILT_PRODUCTS_DIR; };
		3B0ADBFB2060CEF600494E4B /* ShowTests.swift */ = {isa = PBXFileReference; lastKnownFileType = sourcecode.swift; path = ShowTests.swift; sourceTree = "<group>"; };
		3B0ADBFD2060CEF600494E4B /* Info.plist */ = {isa = PBXFileReference; lastKnownFileType = text.plist.xml; path = Info.plist; sourceTree = "<group>"; };
		3B0ADC022060CEF700494E4B /* ShowUITests.xctest */ = {isa = PBXFileReference; explicitFileType = wrapper.cfbundle; includeInIndex = 0; path = ShowUITests.xctest; sourceTree = BUILT_PRODUCTS_DIR; };
		3B0ADC062060CEF700494E4B /* ShowUITests.swift */ = {isa = PBXFileReference; lastKnownFileType = sourcecode.swift; path = ShowUITests.swift; sourceTree = "<group>"; };
		3B0ADC082060CEF700494E4B /* Info.plist */ = {isa = PBXFileReference; lastKnownFileType = text.plist.xml; path = Info.plist; sourceTree = "<group>"; };
		3B0ADC152060D08C00494E4B /* HomePage.swift */ = {isa = PBXFileReference; lastKnownFileType = sourcecode.swift; path = HomePage.swift; sourceTree = "<group>"; };
		3B0ADC182060DD2400494E4B /* HomePageCollectionCell.swift */ = {isa = PBXFileReference; lastKnownFileType = sourcecode.swift; path = HomePageCollectionCell.swift; sourceTree = "<group>"; };
		3B0ADC1B2061C94500494E4B /* Monoton-Regular.ttf */ = {isa = PBXFileReference; lastKnownFileType = file; path = "Monoton-Regular.ttf"; sourceTree = "<group>"; };
		3B0ADC1D2061CB1F00494E4B /* RubikMonoOne-Regular.ttf */ = {isa = PBXFileReference; lastKnownFileType = file; path = "RubikMonoOne-Regular.ttf"; sourceTree = "<group>"; };
		70612CBB75C448BBCEAC1AE8 /* Pods-Show.debug.xcconfig */ = {isa = PBXFileReference; includeInIndex = 1; lastKnownFileType = text.xcconfig; name = "Pods-Show.debug.xcconfig"; path = "Pods/Target Support Files/Pods-Show/Pods-Show.debug.xcconfig"; sourceTree = "<group>"; };
		71694BB0B3067DCD2106E478 /* Pods-ShowUITests.debug.xcconfig */ = {isa = PBXFileReference; includeInIndex = 1; lastKnownFileType = text.xcconfig; name = "Pods-ShowUITests.debug.xcconfig"; path = "Pods/Target Support Files/Pods-ShowUITests/Pods-ShowUITests.debug.xcconfig"; sourceTree = "<group>"; };
		80EB72F0C9EB765F49B50F79 /* Pods_ShowTests.framework */ = {isa = PBXFileReference; explicitFileType = wrapper.framework; includeInIndex = 0; path = Pods_ShowTests.framework; sourceTree = BUILT_PRODUCTS_DIR; };
		8C9050EB06CE9A149FA90F06 /* Pods_Show.framework */ = {isa = PBXFileReference; explicitFileType = wrapper.framework; includeInIndex = 0; path = Pods_Show.framework; sourceTree = BUILT_PRODUCTS_DIR; };
		A9671DEFEE21E53CAA35D62C /* Pods-ShowTests.release.xcconfig */ = {isa = PBXFileReference; includeInIndex = 1; lastKnownFileType = text.xcconfig; name = "Pods-ShowTests.release.xcconfig"; path = "Pods/Target Support Files/Pods-ShowTests/Pods-ShowTests.release.xcconfig"; sourceTree = "<group>"; };
		D101B74089F301F54653BC2A /* Pods-ShowUITests.release.xcconfig */ = {isa = PBXFileReference; includeInIndex = 1; lastKnownFileType = text.xcconfig; name = "Pods-ShowUITests.release.xcconfig"; path = "Pods/Target Support Files/Pods-ShowUITests/Pods-ShowUITests.release.xcconfig"; sourceTree = "<group>"; };
/* End PBXFileReference section */

/* Begin PBXFrameworksBuildPhase section */
		3B0ADBE02060CEF600494E4B /* Frameworks */ = {
			isa = PBXFrameworksBuildPhase;
			buildActionMask = 2147483647;
			files = (
				FCC7FC8D88267B6BD3A4BE3D /* Pods_Show.framework in Frameworks */,
			);
			runOnlyForDeploymentPostprocessing = 0;
		};
		3B0ADBF42060CEF600494E4B /* Frameworks */ = {
			isa = PBXFrameworksBuildPhase;
			buildActionMask = 2147483647;
			files = (
				12E59F1ACAF3159071159DA0 /* Pods_ShowTests.framework in Frameworks */,
			);
			runOnlyForDeploymentPostprocessing = 0;
		};
		3B0ADBFF2060CEF700494E4B /* Frameworks */ = {
			isa = PBXFrameworksBuildPhase;
			buildActionMask = 2147483647;
			files = (
				C87366ACAAF579DC7B863D34 /* Pods_ShowUITests.framework in Frameworks */,
			);
			runOnlyForDeploymentPostprocessing = 0;
		};
/* End PBXFrameworksBuildPhase section */

/* Begin PBXGroup section */
		12D82C8052C4E05B96893C17 /* Pods */ = {
			isa = PBXGroup;
			children = (
				70612CBB75C448BBCEAC1AE8 /* Pods-Show.debug.xcconfig */,
				28D56F245B07BDD670E513C5 /* Pods-Show.release.xcconfig */,
				148F92A945DD50F9B33F6B6E /* Pods-ShowTests.debug.xcconfig */,
				A9671DEFEE21E53CAA35D62C /* Pods-ShowTests.release.xcconfig */,
				71694BB0B3067DCD2106E478 /* Pods-ShowUITests.debug.xcconfig */,
				D101B74089F301F54653BC2A /* Pods-ShowUITests.release.xcconfig */,
			);
			name = Pods;
			sourceTree = "<group>";
		};
		3B0ADBDA2060CEF600494E4B = {
			isa = PBXGroup;
			children = (
				3B0ADBE52060CEF600494E4B /* Show */,
				3B0ADBFA2060CEF600494E4B /* ShowTests */,
				3B0ADC052060CEF700494E4B /* ShowUITests */,
				3B0ADBE42060CEF600494E4B /* Products */,
				12D82C8052C4E05B96893C17 /* Pods */,
				8EB251C883F0054624AEF457 /* Frameworks */,
			);
			sourceTree = "<group>";
		};
		3B0ADBE42060CEF600494E4B /* Products */ = {
			isa = PBXGroup;
			children = (
				3B0ADBE32060CEF600494E4B /* Show.app */,
				3B0ADBF72060CEF600494E4B /* ShowTests.xctest */,
				3B0ADC022060CEF700494E4B /* ShowUITests.xctest */,
			);
			name = Products;
			sourceTree = "<group>";
		};
		3B0ADBE52060CEF600494E4B /* Show */ = {
			isa = PBXGroup;
			children = (
				3B0ADC1A2061C91500494E4B /* Fonts */,
				3B0ADC172060DCED00494E4B /* CustomViews */,
				3B0ADC142060D04F00494E4B /* ViewControllers */,
				3B0ADBE62060CEF600494E4B /* AppDelegate.swift */,
				3B0ADBEA2060CEF600494E4B /* Main.storyboard */,
				3B0ADBED2060CEF600494E4B /* Assets.xcassets */,
				3B0ADBEF2060CEF600494E4B /* LaunchScreen.storyboard */,
				3B0ADBF22060CEF600494E4B /* Info.plist */,
			);
			path = Show;
			sourceTree = "<group>";
		};
		3B0ADBFA2060CEF600494E4B /* ShowTests */ = {
			isa = PBXGroup;
			children = (
				3B0ADBFB2060CEF600494E4B /* ShowTests.swift */,
				3B0ADBFD2060CEF600494E4B /* Info.plist */,
			);
			path = ShowTests;
			sourceTree = "<group>";
		};
		3B0ADC052060CEF700494E4B /* ShowUITests */ = {
			isa = PBXGroup;
			children = (
				3B0ADC062060CEF700494E4B /* ShowUITests.swift */,
				3B0ADC082060CEF700494E4B /* Info.plist */,
			);
			path = ShowUITests;
			sourceTree = "<group>";
		};
		3B0ADC142060D04F00494E4B /* ViewControllers */ = {
			isa = PBXGroup;
			children = (
				3B0ADC152060D08C00494E4B /* HomePage.swift */,
			);
			path = ViewControllers;
			sourceTree = "<group>";
		};
		3B0ADC172060DCED00494E4B /* CustomViews */ = {
			isa = PBXGroup;
			children = (
				3B0ADC182060DD2400494E4B /* HomePageCollectionCell.swift */,
			);
			path = CustomViews;
			sourceTree = "<group>";
		};
		3B0ADC1A2061C91500494E4B /* Fonts */ = {
			isa = PBXGroup;
			children = (
				3B0ADC1B2061C94500494E4B /* Monoton-Regular.ttf */,
				3B0ADC1D2061CB1F00494E4B /* RubikMonoOne-Regular.ttf */,
			);
			path = Fonts;
			sourceTree = "<group>";
		};
		8EB251C883F0054624AEF457 /* Frameworks */ = {
			isa = PBXGroup;
			children = (
				8C9050EB06CE9A149FA90F06 /* Pods_Show.framework */,
				80EB72F0C9EB765F49B50F79 /* Pods_ShowTests.framework */,
				0E3EE09EAB09A73F2A62134A /* Pods_ShowUITests.framework */,
			);
			name = Frameworks;
			sourceTree = "<group>";
		};
/* End PBXGroup section */

/* Begin PBXNativeTarget section */
		3B0ADBE22060CEF600494E4B /* Show */ = {
			isa = PBXNativeTarget;
			buildConfigurationList = 3B0ADC0B2060CEF700494E4B /* Build configuration list for PBXNativeTarget "Show" */;
			buildPhases = (
				519EE4132D621EEA6A8743B2 /* [CP] Check Pods Manifest.lock */,
				3B0ADBDF2060CEF600494E4B /* Sources */,
				3B0ADBE02060CEF600494E4B /* Frameworks */,
				3B0ADBE12060CEF600494E4B /* Resources */,
				B620CE25EE48AED43C5BE0B8 /* [CP] Embed Pods Frameworks */,
				C0B5B7C173AE4445583E7AC2 /* [CP] Copy Pods Resources */,
			);
			buildRules = (
			);
			dependencies = (
			);
			name = Show;
			productName = Show;
			productReference = 3B0ADBE32060CEF600494E4B /* Show.app */;
			productType = "com.apple.product-type.application";
		};
		3B0ADBF62060CEF600494E4B /* ShowTests */ = {
			isa = PBXNativeTarget;
			buildConfigurationList = 3B0ADC0E2060CEF700494E4B /* Build configuration list for PBXNativeTarget "ShowTests" */;
			buildPhases = (
				18C56C3BA293151AA88F88F3 /* [CP] Check Pods Manifest.lock */,
				3B0ADBF32060CEF600494E4B /* Sources */,
				3B0ADBF42060CEF600494E4B /* Frameworks */,
				3B0ADBF52060CEF600494E4B /* Resources */,
				54CB7E971F4894235705D644 /* [CP] Embed Pods Frameworks */,
				0BBD6178E54778E2FA4FBE35 /* [CP] Copy Pods Resources */,
			);
			buildRules = (
			);
			dependencies = (
				3B0ADBF92060CEF600494E4B /* PBXTargetDependency */,
			);
			name = ShowTests;
			productName = ShowTests;
			productReference = 3B0ADBF72060CEF600494E4B /* ShowTests.xctest */;
			productType = "com.apple.product-type.bundle.unit-test";
		};
		3B0ADC012060CEF700494E4B /* ShowUITests */ = {
			isa = PBXNativeTarget;
			buildConfigurationList = 3B0ADC112060CEF700494E4B /* Build configuration list for PBXNativeTarget "ShowUITests" */;
			buildPhases = (
				68552AB57E13DD687190E8CF /* [CP] Check Pods Manifest.lock */,
				3B0ADBFE2060CEF700494E4B /* Sources */,
				3B0ADBFF2060CEF700494E4B /* Frameworks */,
				3B0ADC002060CEF700494E4B /* Resources */,
				0DD5B923DCF6B89AD8287F16 /* [CP] Embed Pods Frameworks */,
				3C4778D831083F530123EBE0 /* [CP] Copy Pods Resources */,
			);
			buildRules = (
			);
			dependencies = (
				3B0ADC042060CEF700494E4B /* PBXTargetDependency */,
			);
			name = ShowUITests;
			productName = ShowUITests;
			productReference = 3B0ADC022060CEF700494E4B /* ShowUITests.xctest */;
			productType = "com.apple.product-type.bundle.ui-testing";
		};
/* End PBXNativeTarget section */

/* Begin PBXProject section */
		3B0ADBDB2060CEF600494E4B /* Project object */ = {
			isa = PBXProject;
			attributes = {
				LastSwiftUpdateCheck = 0920;
				LastUpgradeCheck = 0920;
				ORGANIZATIONNAME = "Gbenga Ayobami";
				TargetAttributes = {
					3B0ADBE22060CEF600494E4B = {
						CreatedOnToolsVersion = 9.2;
						ProvisioningStyle = Automatic;
					};
					3B0ADBF62060CEF600494E4B = {
						CreatedOnToolsVersion = 9.2;
						ProvisioningStyle = Automatic;
						TestTargetID = 3B0ADBE22060CEF600494E4B;
					};
					3B0ADC012060CEF700494E4B = {
						CreatedOnToolsVersion = 9.2;
						ProvisioningStyle = Automatic;
						TestTargetID = 3B0ADBE22060CEF600494E4B;
					};
				};
			};
			buildConfigurationList = 3B0ADBDE2060CEF600494E4B /* Build configuration list for PBXProject "Show" */;
			compatibilityVersion = "Xcode 8.0";
			developmentRegion = en;
			hasScannedForEncodings = 0;
			knownRegions = (
				en,
				Base,
			);
			mainGroup = 3B0ADBDA2060CEF600494E4B;
			productRefGroup = 3B0ADBE42060CEF600494E4B /* Products */;
			projectDirPath = "";
			projectRoot = "";
			targets = (
				3B0ADBE22060CEF600494E4B /* Show */,
				3B0ADBF62060CEF600494E4B /* ShowTests */,
				3B0ADC012060CEF700494E4B /* ShowUITests */,
			);
		};
/* End PBXProject section */

/* Begin PBXResourcesBuildPhase section */
		3B0ADBE12060CEF600494E4B /* Resources */ = {
			isa = PBXResourcesBuildPhase;
			buildActionMask = 2147483647;
			files = (
				3B0ADC1E2061CB2000494E4B /* RubikMonoOne-Regular.ttf in Resources */,
				3B0ADC1C2061C94500494E4B /* Monoton-Regular.ttf in Resources */,
				3B0ADBF12060CEF600494E4B /* LaunchScreen.storyboard in Resources */,
				3B0ADBEE2060CEF600494E4B /* Assets.xcassets in Resources */,
				3B0ADBEC2060CEF600494E4B /* Main.storyboard in Resources */,
			);
			runOnlyForDeploymentPostprocessing = 0;
		};
		3B0ADBF52060CEF600494E4B /* Resources */ = {
			isa = PBXResourcesBuildPhase;
			buildActionMask = 2147483647;
			files = (
			);
			runOnlyForDeploymentPostprocessing = 0;
		};
		3B0ADC002060CEF700494E4B /* Resources */ = {
			isa = PBXResourcesBuildPhase;
			buildActionMask = 2147483647;
			files = (
			);
			runOnlyForDeploymentPostprocessing = 0;
		};
/* End PBXResourcesBuildPhase section */

/* Begin PBXShellScriptBuildPhase section */
		0BBD6178E54778E2FA4FBE35 /* [CP] Copy Pods Resources */ = {
			isa = PBXShellScriptBuildPhase;
			buildActionMask = 2147483647;
			files = (
			);
			inputPaths = (
			);
			name = "[CP] Copy Pods Resources";
			outputPaths = (
			);
			runOnlyForDeploymentPostprocessing = 0;
			shellPath = /bin/sh;
			shellScript = "\"${SRCROOT}/Pods/Target Support Files/Pods-ShowTests/Pods-ShowTests-resources.sh\"\n";
			showEnvVarsInLog = 0;
		};
		0DD5B923DCF6B89AD8287F16 /* [CP] Embed Pods Frameworks */ = {
			isa = PBXShellScriptBuildPhase;
			buildActionMask = 2147483647;
			files = (
			);
			inputPaths = (
			);
			name = "[CP] Embed Pods Frameworks";
			outputPaths = (
			);
			runOnlyForDeploymentPostprocessing = 0;
			shellPath = /bin/sh;
			shellScript = "\"${SRCROOT}/Pods/Target Support Files/Pods-ShowUITests/Pods-ShowUITests-frameworks.sh\"\n";
			showEnvVarsInLog = 0;
		};
		18C56C3BA293151AA88F88F3 /* [CP] Check Pods Manifest.lock */ = {
			isa = PBXShellScriptBuildPhase;
			buildActionMask = 2147483647;
			files = (
			);
			inputPaths = (
				"${PODS_PODFILE_DIR_PATH}/Podfile.lock",
				"${PODS_ROOT}/Manifest.lock",
			);
			name = "[CP] Check Pods Manifest.lock";
			outputPaths = (
				"$(DERIVED_FILE_DIR)/Pods-ShowTests-checkManifestLockResult.txt",
			);
			runOnlyForDeploymentPostprocessing = 0;
			shellPath = /bin/sh;
			shellScript = "diff \"${PODS_PODFILE_DIR_PATH}/Podfile.lock\" \"${PODS_ROOT}/Manifest.lock\" > /dev/null\nif [ $? != 0 ] ; then\n    # print error to STDERR\n    echo \"error: The sandbox is not in sync with the Podfile.lock. Run 'pod install' or update your CocoaPods installation.\" >&2\n    exit 1\nfi\n# This output is used by Xcode 'outputs' to avoid re-running this script phase.\necho \"SUCCESS\" > \"${SCRIPT_OUTPUT_FILE_0}\"\n";
			showEnvVarsInLog = 0;
		};
		3C4778D831083F530123EBE0 /* [CP] Copy Pods Resources */ = {
			isa = PBXShellScriptBuildPhase;
			buildActionMask = 2147483647;
			files = (
			);
			inputPaths = (
			);
			name = "[CP] Copy Pods Resources";
			outputPaths = (
			);
			runOnlyForDeploymentPostprocessing = 0;
			shellPath = /bin/sh;
			shellScript = "\"${SRCROOT}/Pods/Target Support Files/Pods-ShowUITests/Pods-ShowUITests-resources.sh\"\n";
			showEnvVarsInLog = 0;
		};
		519EE4132D621EEA6A8743B2 /* [CP] Check Pods Manifest.lock */ = {
			isa = PBXShellScriptBuildPhase;
			buildActionMask = 2147483647;
			files = (
			);
			inputPaths = (
				"${PODS_PODFILE_DIR_PATH}/Podfile.lock",
				"${PODS_ROOT}/Manifest.lock",
			);
			name = "[CP] Check Pods Manifest.lock";
			outputPaths = (
				"$(DERIVED_FILE_DIR)/Pods-Show-checkManifestLockResult.txt",
			);
			runOnlyForDeploymentPostprocessing = 0;
			shellPath = /bin/sh;
			shellScript = "diff \"${PODS_PODFILE_DIR_PATH}/Podfile.lock\" \"${PODS_ROOT}/Manifest.lock\" > /dev/null\nif [ $? != 0 ] ; then\n    # print error to STDERR\n    echo \"error: The sandbox is not in sync with the Podfile.lock. Run 'pod install' or update your CocoaPods installation.\" >&2\n    exit 1\nfi\n# This output is used by Xcode 'outputs' to avoid re-running this script phase.\necho \"SUCCESS\" > \"${SCRIPT_OUTPUT_FILE_0}\"\n";
			showEnvVarsInLog = 0;
		};
		54CB7E971F4894235705D644 /* [CP] Embed Pods Frameworks */ = {
			isa = PBXShellScriptBuildPhase;
			buildActionMask = 2147483647;
			files = (
			);
			inputPaths = (
			);
			name = "[CP] Embed Pods Frameworks";
			outputPaths = (
			);
			runOnlyForDeploymentPostprocessing = 0;
			shellPath = /bin/sh;
			shellScript = "\"${SRCROOT}/Pods/Target Support Files/Pods-ShowTests/Pods-ShowTests-frameworks.sh\"\n";
			showEnvVarsInLog = 0;
		};
		68552AB57E13DD687190E8CF /* [CP] Check Pods Manifest.lock */ = {
			isa = PBXShellScriptBuildPhase;
			buildActionMask = 2147483647;
			files = (
			);
			inputPaths = (
				"${PODS_PODFILE_DIR_PATH}/Podfile.lock",
				"${PODS_ROOT}/Manifest.lock",
			);
			name = "[CP] Check Pods Manifest.lock";
			outputPaths = (
				"$(DERIVED_FILE_DIR)/Pods-ShowUITests-checkManifestLockResult.txt",
			);
			runOnlyForDeploymentPostprocessing = 0;
			shellPath = /bin/sh;
			shellScript = "diff \"${PODS_PODFILE_DIR_PATH}/Podfile.lock\" \"${PODS_ROOT}/Manifest.lock\" > /dev/null\nif [ $? != 0 ] ; then\n    # print error to STDERR\n    echo \"error: The sandbox is not in sync with the Podfile.lock. Run 'pod install' or update your CocoaPods installation.\" >&2\n    exit 1\nfi\n# This output is used by Xcode 'outputs' to avoid re-running this script phase.\necho \"SUCCESS\" > \"${SCRIPT_OUTPUT_FILE_0}\"\n";
			showEnvVarsInLog = 0;
		};
		B620CE25EE48AED43C5BE0B8 /* [CP] Embed Pods Frameworks */ = {
			isa = PBXShellScriptBuildPhase;
			buildActionMask = 2147483647;
			files = (
			);
			inputPaths = (
				"${SRCROOT}/Pods/Target Support Files/Pods-Show/Pods-Show-frameworks.sh",
				"${BUILT_PRODUCTS_DIR}/SwiftSoup/SwiftSoup.framework",
			);
			name = "[CP] Embed Pods Frameworks";
			outputPaths = (
				"${TARGET_BUILD_DIR}/${FRAMEWORKS_FOLDER_PATH}/SwiftSoup.framework",
			);
			runOnlyForDeploymentPostprocessing = 0;
			shellPath = /bin/sh;
			shellScript = "\"${SRCROOT}/Pods/Target Support Files/Pods-Show/Pods-Show-frameworks.sh\"\n";
			showEnvVarsInLog = 0;
		};
		C0B5B7C173AE4445583E7AC2 /* [CP] Copy Pods Resources */ = {
			isa = PBXShellScriptBuildPhase;
			buildActionMask = 2147483647;
			files = (
			);
			inputPaths = (
			);
			name = "[CP] Copy Pods Resources";
			outputPaths = (
			);
			runOnlyForDeploymentPostprocessing = 0;
			shellPath = /bin/sh;
			shellScript = "\"${SRCROOT}/Pods/Target Support Files/Pods-Show/Pods-Show-resources.sh\"\n";
			showEnvVarsInLog = 0;
		};
/* End PBXShellScriptBuildPhase section */

/* Begin PBXSourcesBuildPhase section */
		3B0ADBDF2060CEF600494E4B /* Sources */ = {
			isa = PBXSourcesBuildPhase;
			buildActionMask = 2147483647;
			files = (
				3B0ADBE72060CEF600494E4B /* AppDelegate.swift in Sources */,
				3B0ADC162060D08C00494E4B /* HomePage.swift in Sources */,
				3B0ADC192060DD2400494E4B /* HomePageCollectionCell.swift in Sources */,
			);
			runOnlyForDeploymentPostprocessing = 0;
		};
		3B0ADBF32060CEF600494E4B /* Sources */ = {
			isa = PBXSourcesBuildPhase;
			buildActionMask = 2147483647;
			files = (
				3B0ADBFC2060CEF600494E4B /* ShowTests.swift in Sources */,
			);
			runOnlyForDeploymentPostprocessing = 0;
		};
		3B0ADBFE2060CEF700494E4B /* Sources */ = {
			isa = PBXSourcesBuildPhase;
			buildActionMask = 2147483647;
			files = (
				3B0ADC072060CEF700494E4B /* ShowUITests.swift in Sources */,
			);
			runOnlyForDeploymentPostprocessing = 0;
		};
/* End PBXSourcesBuildPhase section */

/* Begin PBXTargetDependency section */
		3B0ADBF92060CEF600494E4B /* PBXTargetDependency */ = {
			isa = PBXTargetDependency;
			target = 3B0ADBE22060CEF600494E4B /* Show */;
			targetProxy = 3B0ADBF82060CEF600494E4B /* PBXContainerItemProxy */;
		};
		3B0ADC042060CEF700494E4B /* PBXTargetDependency */ = {
			isa = PBXTargetDependency;
			target = 3B0ADBE22060CEF600494E4B /* Show */;
			targetProxy = 3B0ADC032060CEF700494E4B /* PBXContainerItemProxy */;
		};
/* End PBXTargetDependency section */

/* Begin PBXVariantGroup section */
		3B0ADBEA2060CEF600494E4B /* Main.storyboard */ = {
			isa = PBXVariantGroup;
			children = (
				3B0ADBEB2060CEF600494E4B /* Base */,
			);
			name = Main.storyboard;
			sourceTree = "<group>";
		};
		3B0ADBEF2060CEF600494E4B /* LaunchScreen.storyboard */ = {
			isa = PBXVariantGroup;
			children = (
				3B0ADBF02060CEF600494E4B /* Base */,
			);
			name = LaunchScreen.storyboard;
			sourceTree = "<group>";
		};
/* End PBXVariantGroup section */

/* Begin XCBuildConfiguration section */
		3B0ADC092060CEF700494E4B /* Debug */ = {
			isa = XCBuildConfiguration;
			buildSettings = {
				ALWAYS_SEARCH_USER_PATHS = NO;
				CLANG_ANALYZER_NONNULL = YES;
				CLANG_ANALYZER_NUMBER_OBJECT_CONVERSION = YES_AGGRESSIVE;
				CLANG_CXX_LANGUAGE_STANDARD = "gnu++14";
				CLANG_CXX_LIBRARY = "libc++";
				CLANG_ENABLE_MODULES = YES;
				CLANG_ENABLE_OBJC_ARC = YES;
				CLANG_WARN_BLOCK_CAPTURE_AUTORELEASING = YES;
				CLANG_WARN_BOOL_CONVERSION = YES;
				CLANG_WARN_COMMA = YES;
				CLANG_WARN_CONSTANT_CONVERSION = YES;
				CLANG_WARN_DIRECT_OBJC_ISA_USAGE = YES_ERROR;
				CLANG_WARN_DOCUMENTATION_COMMENTS = YES;
				CLANG_WARN_EMPTY_BODY = YES;
				CLANG_WARN_ENUM_CONVERSION = YES;
				CLANG_WARN_INFINITE_RECURSION = YES;
				CLANG_WARN_INT_CONVERSION = YES;
				CLANG_WARN_NON_LITERAL_NULL_CONVERSION = YES;
				CLANG_WARN_OBJC_LITERAL_CONVERSION = YES;
				CLANG_WARN_OBJC_ROOT_CLASS = YES_ERROR;
				CLANG_WARN_RANGE_LOOP_ANALYSIS = YES;
				CLANG_WARN_STRICT_PROTOTYPES = YES;
				CLANG_WARN_SUSPICIOUS_MOVE = YES;
				CLANG_WARN_UNGUARDED_AVAILABILITY = YES_AGGRESSIVE;
				CLANG_WARN_UNREACHABLE_CODE = YES;
				CLANG_WARN__DUPLICATE_METHOD_MATCH = YES;
				CODE_SIGN_IDENTITY = "iPhone Developer";
				COPY_PHASE_STRIP = NO;
				DEBUG_INFORMATION_FORMAT = dwarf;
				ENABLE_STRICT_OBJC_MSGSEND = YES;
				ENABLE_TESTABILITY = YES;
				GCC_C_LANGUAGE_STANDARD = gnu11;
				GCC_DYNAMIC_NO_PIC = NO;
				GCC_NO_COMMON_BLOCKS = YES;
				GCC_OPTIMIZATION_LEVEL = 0;
				GCC_PREPROCESSOR_DEFINITIONS = (
					"DEBUG=1",
					"$(inherited)",
				);
				GCC_WARN_64_TO_32_BIT_CONVERSION = YES;
				GCC_WARN_ABOUT_RETURN_TYPE = YES_ERROR;
				GCC_WARN_UNDECLARED_SELECTOR = YES;
				GCC_WARN_UNINITIALIZED_AUTOS = YES_AGGRESSIVE;
				GCC_WARN_UNUSED_FUNCTION = YES;
				GCC_WARN_UNUSED_VARIABLE = YES;
				IPHONEOS_DEPLOYMENT_TARGET = 11.2;
				MTL_ENABLE_DEBUG_INFO = YES;
				ONLY_ACTIVE_ARCH = YES;
				SDKROOT = iphoneos;
				SWIFT_ACTIVE_COMPILATION_CONDITIONS = DEBUG;
				SWIFT_OPTIMIZATION_LEVEL = "-Onone";
			};
			name = Debug;
		};
		3B0ADC0A2060CEF700494E4B /* Release */ = {
			isa = XCBuildConfiguration;
			buildSettings = {
				ALWAYS_SEARCH_USER_PATHS = NO;
				CLANG_ANALYZER_NONNULL = YES;
				CLANG_ANALYZER_NUMBER_OBJECT_CONVERSION = YES_AGGRESSIVE;
				CLANG_CXX_LANGUAGE_STANDARD = "gnu++14";
				CLANG_CXX_LIBRARY = "libc++";
				CLANG_ENABLE_MODULES = YES;
				CLANG_ENABLE_OBJC_ARC = YES;
				CLANG_WARN_BLOCK_CAPTURE_AUTORELEASING = YES;
				CLANG_WARN_BOOL_CONVERSION = YES;
				CLANG_WARN_COMMA = YES;
				CLANG_WARN_CONSTANT_CONVERSION = YES;
				CLANG_WARN_DIRECT_OBJC_ISA_USAGE = YES_ERROR;
				CLANG_WARN_DOCUMENTATION_COMMENTS = YES;
				CLANG_WARN_EMPTY_BODY = YES;
				CLANG_WARN_ENUM_CONVERSION = YES;
				CLANG_WARN_INFINITE_RECURSION = YES;
				CLANG_WARN_INT_CONVERSION = YES;
				CLANG_WARN_NON_LITERAL_NULL_CONVERSION = YES;
				CLANG_WARN_OBJC_LITERAL_CONVERSION = YES;
				CLANG_WARN_OBJC_ROOT_CLASS = YES_ERROR;
				CLANG_WARN_RANGE_LOOP_ANALYSIS = YES;
				CLANG_WARN_STRICT_PROTOTYPES = YES;
				CLANG_WARN_SUSPICIOUS_MOVE = YES;
				CLANG_WARN_UNGUARDED_AVAILABILITY = YES_AGGRESSIVE;
				CLANG_WARN_UNREACHABLE_CODE = YES;
				CLANG_WARN__DUPLICATE_METHOD_MATCH = YES;
				CODE_SIGN_IDENTITY = "iPhone Developer";
				COPY_PHASE_STRIP = NO;
				DEBUG_INFORMATION_FORMAT = "dwarf-with-dsym";
				ENABLE_NS_ASSERTIONS = NO;
				ENABLE_STRICT_OBJC_MSGSEND = YES;
				GCC_C_LANGUAGE_STANDARD = gnu11;
				GCC_NO_COMMON_BLOCKS = YES;
				GCC_WARN_64_TO_32_BIT_CONVERSION = YES;
				GCC_WARN_ABOUT_RETURN_TYPE = YES_ERROR;
				GCC_WARN_UNDECLARED_SELECTOR = YES;
				GCC_WARN_UNINITIALIZED_AUTOS = YES_AGGRESSIVE;
				GCC_WARN_UNUSED_FUNCTION = YES;
				GCC_WARN_UNUSED_VARIABLE = YES;
				IPHONEOS_DEPLOYMENT_TARGET = 11.2;
				MTL_ENABLE_DEBUG_INFO = NO;
				SDKROOT = iphoneos;
				SWIFT_OPTIMIZATION_LEVEL = "-Owholemodule";
				VALIDATE_PRODUCT = YES;
			};
			name = Release;
		};
		3B0ADC0C2060CEF700494E4B /* Debug */ = {
			isa = XCBuildConfiguration;
			baseConfigurationReference = 70612CBB75C448BBCEAC1AE8 /* Pods-Show.debug.xcconfig */;
			buildSettings = {
				ASSETCATALOG_COMPILER_APPICON_NAME = AppIcon;
				CODE_SIGN_STYLE = Automatic;
				DEVELOPMENT_TEAM = U9UH323WC7;
				INFOPLIST_FILE = Show/Info.plist;
				LD_RUNPATH_SEARCH_PATHS = "$(inherited) @executable_path/Frameworks";
				PRODUCT_BUNDLE_IDENTIFIER = com.gbengaoyeee.Show;
				PRODUCT_NAME = "$(TARGET_NAME)";
				SWIFT_VERSION = 4.0;
				TARGETED_DEVICE_FAMILY = "1,2";
			};
			name = Debug;
		};
		3B0ADC0D2060CEF700494E4B /* Release */ = {
			isa = XCBuildConfiguration;
			baseConfigurationReference = 28D56F245B07BDD670E513C5 /* Pods-Show.release.xcconfig */;
			buildSettings = {
				ASSETCATALOG_COMPILER_APPICON_NAME = AppIcon;
				CODE_SIGN_STYLE = Automatic;
				DEVELOPMENT_TEAM = U9UH323WC7;
				INFOPLIST_FILE = Show/Info.plist;
				LD_RUNPATH_SEARCH_PATHS = "$(inherited) @executable_path/Frameworks";
				PRODUCT_BUNDLE_IDENTIFIER = com.gbengaoyeee.Show;
				PRODUCT_NAME = "$(TARGET_NAME)";
				SWIFT_VERSION = 4.0;
				TARGETED_DEVICE_FAMILY = "1,2";
			};
			name = Release;
		};
		3B0ADC0F2060CEF700494E4B /* Debug */ = {
			isa = XCBuildConfiguration;
			baseConfigurationReference = 148F92A945DD50F9B33F6B6E /* Pods-ShowTests.debug.xcconfig */;
			buildSettings = {
				ALWAYS_EMBED_SWIFT_STANDARD_LIBRARIES = YES;
				BUNDLE_LOADER = "$(TEST_HOST)";
				CODE_SIGN_STYLE = Automatic;
				DEVELOPMENT_TEAM = U9UH323WC7;
				INFOPLIST_FILE = ShowTests/Info.plist;
				LD_RUNPATH_SEARCH_PATHS = "$(inherited) @executable_path/Frameworks @loader_path/Frameworks";
				PRODUCT_BUNDLE_IDENTIFIER = com.gbengaoyeee.ShowTests;
				PRODUCT_NAME = "$(TARGET_NAME)";
				SWIFT_VERSION = 4.0;
				TARGETED_DEVICE_FAMILY = "1,2";
				TEST_HOST = "$(BUILT_PRODUCTS_DIR)/Show.app/Show";
			};
			name = Debug;
		};
		3B0ADC102060CEF700494E4B /* Release */ = {
			isa = XCBuildConfiguration;
			baseConfigurationReference = A9671DEFEE21E53CAA35D62C /* Pods-ShowTests.release.xcconfig */;
			buildSettings = {
				ALWAYS_EMBED_SWIFT_STANDARD_LIBRARIES = YES;
				BUNDLE_LOADER = "$(TEST_HOST)";
				CODE_SIGN_STYLE = Automatic;
				DEVELOPMENT_TEAM = U9UH323WC7;
				INFOPLIST_FILE = ShowTests/Info.plist;
				LD_RUNPATH_SEARCH_PATHS = "$(inherited) @executable_path/Frameworks @loader_path/Frameworks";
				PRODUCT_BUNDLE_IDENTIFIER = com.gbengaoyeee.ShowTests;
				PRODUCT_NAME = "$(TARGET_NAME)";
				SWIFT_VERSION = 4.0;
				TARGETED_DEVICE_FAMILY = "1,2";
				TEST_HOST = "$(BUILT_PRODUCTS_DIR)/Show.app/Show";
			};
			name = Release;
		};
		3B0ADC122060CEF700494E4B /* Debug */ = {
			isa = XCBuildConfiguration;
			baseConfigurationReference = 71694BB0B3067DCD2106E478 /* Pods-ShowUITests.debug.xcconfig */;
			buildSettings = {
				ALWAYS_EMBED_SWIFT_STANDARD_LIBRARIES = YES;
				CODE_SIGN_STYLE = Automatic;
				DEVELOPMENT_TEAM = U9UH323WC7;
				INFOPLIST_FILE = ShowUITests/Info.plist;
				LD_RUNPATH_SEARCH_PATHS = "$(inherited) @executable_path/Frameworks @loader_path/Frameworks";
				PRODUCT_BUNDLE_IDENTIFIER = com.gbengaoyeee.ShowUITests;
				PRODUCT_NAME = "$(TARGET_NAME)";
				SWIFT_VERSION = 4.0;
				TARGETED_DEVICE_FAMILY = "1,2";
				TEST_TARGET_NAME = Show;
			};
			name = Debug;
		};
		3B0ADC132060CEF700494E4B /* Release */ = {
			isa = XCBuildConfiguration;
			baseConfigurationReference = D101B74089F301F54653BC2A /* Pods-ShowUITests.release.xcconfig */;
			buildSettings = {
				ALWAYS_EMBED_SWIFT_STANDARD_LIBRARIES = YES;
				CODE_SIGN_STYLE = Automatic;
				DEVELOPMENT_TEAM = U9UH323WC7;
				INFOPLIST_FILE = ShowUITests/Info.plist;
				LD_RUNPATH_SEARCH_PATHS = "$(inherited) @executable_path/Frameworks @loader_path/Frameworks";
				PRODUCT_BUNDLE_IDENTIFIER = com.gbengaoyeee.ShowUITests;
				PRODUCT_NAME = "$(TARGET_NAME)";
				SWIFT_VERSION = 4.0;
				TARGETED_DEVICE_FAMILY = "1,2";
				TEST_TARGET_NAME = Show;
			};
			name = Release;
		};
/* End XCBuildConfiguration section */

/* Begin XCConfigurationList section */
		3B0ADBDE2060CEF600494E4B /* Build configuration list for PBXProject "Show" */ = {
			isa = XCConfigurationList;
			buildConfigurations = (
				3B0ADC092060CEF700494E4B /* Debug */,
				3B0ADC0A2060CEF700494E4B /* Release */,
			);
			defaultConfigurationIsVisible = 0;
			defaultConfigurationName = Release;
		};
		3B0ADC0B2060CEF700494E4B /* Build configuration list for PBXNativeTarget "Show" */ = {
			isa = XCConfigurationList;
			buildConfigurations = (
				3B0ADC0C2060CEF700494E4B /* Debug */,
				3B0ADC0D2060CEF700494E4B /* Release */,
			);
			defaultConfigurationIsVisible = 0;
			defaultConfigurationName = Release;
		};
		3B0ADC0E2060CEF700494E4B /* Build configuration list for PBXNativeTarget "ShowTests" */ = {
			isa = XCConfigurationList;
			buildConfigurations = (
				3B0ADC0F2060CEF700494E4B /* Debug */,
				3B0ADC102060CEF700494E4B /* Release */,
			);
			defaultConfigurationIsVisible = 0;
			defaultConfigurationName = Release;
		};
		3B0ADC112060CEF700494E4B /* Build configuration list for PBXNativeTarget "ShowUITests" */ = {
			isa = XCConfigurationList;
			buildConfigurations = (
				3B0ADC122060CEF700494E4B /* Debug */,
				3B0ADC132060CEF700494E4B /* Release */,
			);
			defaultConfigurationIsVisible = 0;
			defaultConfigurationName = Release;
		};
/* End XCConfigurationList section */
	};
	rootObject = 3B0ADBDB2060CEF600494E4B /* Project object */;
}
