// !$*UTF8*$!
{
	archiveVersion = 1;
	classes = {
	};
	objectVersion = 48;
	objects = {

/* Begin PBXBuildFile section */
		3B0ADBE72060CEF600494E4B /* AppDelegate.swift in Sources */ = {isa = PBXBuildFile; fileRef = 3B0ADBE62060CEF600494E4B /* AppDelegate.swift */; };
		3B0ADBE92060CEF600494E4B /* ViewController.swift in Sources */ = {isa = PBXBuildFile; fileRef = 3B0ADBE82060CEF600494E4B /* ViewController.swift */; };
		3B0ADBEC2060CEF600494E4B /* Main.storyboard in Resources */ = {isa = PBXBuildFile; fileRef = 3B0ADBEA2060CEF600494E4B /* Main.storyboard */; };
		3B0ADBEE2060CEF600494E4B /* Assets.xcassets in Resources */ = {isa = PBXBuildFile; fileRef = 3B0ADBED2060CEF600494E4B /* Assets.xcassets */; };
		3B0ADBF12060CEF600494E4B /* LaunchScreen.storyboard in Resources */ = {isa = PBXBuildFile; fileRef = 3B0ADBEF2060CEF600494E4B /* LaunchScreen.storyboard */; };
		3B0ADBFC2060CEF600494E4B /* ShowTests.swift in Sources */ = {isa = PBXBuildFile; fileRef = 3B0ADBFB2060CEF600494E4B /* ShowTests.swift */; };
		3B0ADC072060CEF700494E4B /* ShowUITests.swift in Sources */ = {isa = PBXBuildFile; fileRef = 3B0ADC062060CEF700494E4B /* ShowUITests.swift */; };
/* End PBXBuildFile section */

/* Begin PBXContainerItemProxy section */
		3B0ADBF82060CEF600494E4B /* PBXContainerItemProxy */ = {
			isa = PBXContainerItemProxy;
			containerPortal = 3B0ADBDB2060CEF600494E4B /* Project object */;
			proxyType = 1;
			remoteGlobalIDString = 3B0ADBE22060CEF600494E4B;
			remoteInfo = Show;
		};
		3B0ADC032060CEF700494E4B /* PBXContainerItemProxy */ = {
			isa = PBXContainerItemProxy;
			containerPortal = 3B0ADBDB2060CEF600494E4B /* Project object */;
			proxyType = 1;
			remoteGlobalIDString = 3B0ADBE22060CEF600494E4B;
			remoteInfo = Show;
		};
/* End PBXContainerItemProxy section */

/* Begin PBXFileReference section */
		3B0ADBE32060CEF600494E4B /* Show.app */ = {isa = PBXFileReference; explicitFileType = wrapper.application; includeInIndex = 0; path = Show.app; sourceTree = BUILT_PRODUCTS_DIR; };
		3B0ADBE62060CEF600494E4B /* AppDelegate.swift */ = {isa = PBXFileReference; lastKnownFileType = sourcecode.swift; path = AppDelegate.swift; sourceTree = "<group>"; };
		3B0ADBE82060CEF600494E4B /* ViewController.swift */ = {isa = PBXFileReference; lastKnownFileType = sourcecode.swift; path = ViewController.swift; sourceTree = "<group>"; };
		3B0ADBEB2060CEF600494E4B /* Base */ = {isa = PBXFileReference; lastKnownFileType = file.storyboard; name = Base; path = Base.lproj/Main.storyboard; sourceTree = "<group>"; };
		3B0ADBED2060CEF600494E4B /* Assets.xcassets */ = {isa = PBXFileReference; lastKnownFileType = folder.assetcatalog; path = Assets.xcassets; sourceTree = "<group>"; };
		3B0ADBF02060CEF600494E4B /* Base */ = {isa = PBXFileReference; lastKnownFileType = file.storyboard; name = Base; path = Base.lproj/LaunchScreen.storyboard; sourceTree = "<group>"; };
		3B0ADBF22060CEF600494E4B /* Info.plist */ = {isa = PBXFileReference; lastKnownFileType = text.plist.xml; path = Info.plist; sourceTree = "<group>"; };
		3B0ADBF72060CEF600494E4B /* ShowTests.xctest */ = {isa = PBXFileReference; explicitFileType = wrapper.cfbundle; includeInIndex = 0; path = ShowTests.xctest; sourceTree = BUILT_PRODUCTS_DIR; };
		3B0ADBFB2060CEF600494E4B /* ShowTests.swift */ = {isa = PBXFileReference; lastKnownFileType = sourcecode.swift; path = ShowTests.swift; sourceTree = "<group>"; };
		3B0ADBFD2060CEF600494E4B /* Info.plist */ = {isa = PBXFileReference; lastKnownFileType = text.plist.xml; path = Info.plist; sourceTree = "<group>"; };
		3B0ADC022060CEF700494E4B /* ShowUITests.xctest */ = {isa = PBXFileReference; explicitFileType = wrapper.cfbundle; includeInIndex = 0; path = ShowUITests.xctest; sourceTree = BUILT_PRODUCTS_DIR; };
		3B0ADC062060CEF700494E4B /* ShowUITests.swift */ = {isa = PBXFileReference; lastKnownFileType = sourcecode.swift; path = ShowUITests.swift; sourceTree = "<group>"; };
		3B0ADC082060CEF700494E4B /* Info.plist */ = {isa = PBXFileReference; lastKnownFileType = text.plist.xml; path = Info.plist; sourceTree = "<group>"; };
/* End PBXFileReference section */

/* Begin PBXFrameworksBuildPhase section */
		3B0ADBE02060CEF600494E4B /* Frameworks */ = {
			isa = PBXFrameworksBuildPhase;
			buildActionMask = 2147483647;
			files = (
			);
			runOnlyForDeploymentPostprocessing = 0;
		};
		3B0ADBF42060CEF600494E4B /* Frameworks */ = {
			isa = PBXFrameworksBuildPhase;
			buildActionMask = 2147483647;
			files = (
			);
			runOnlyForDeploymentPostprocessing = 0;
		};
		3B0ADBFF2060CEF700494E4B /* Frameworks */ = {
			isa = PBXFrameworksBuildPhase;
			buildActionMask = 2147483647;
			files = (
			);
			runOnlyForDeploymentPostprocessing = 0;
		};
/* End PBXFrameworksBuildPhase section */

/* Begin PBXGroup section */
		3B0ADBDA2060CEF600494E4B = {
			isa = PBXGroup;
			children = (
				3B0ADBE52060CEF600494E4B /* Show */,
				3B0ADBFA2060CEF600494E4B /* ShowTests */,
				3B0ADC052060CEF700494E4B /* ShowUITests */,
				3B0ADBE42060CEF600494E4B /* Products */,
			);
			sourceTree = "<group>";
		};
		3B0ADBE42060CEF600494E4B /* Products */ = {
			isa = PBXGroup;
			children = (
				3B0ADBE32060CEF600494E4B /* Show.app */,
				3B0ADBF72060CEF600494E4B /* ShowTests.xctest */,
				3B0ADC022060CEF700494E4B /* ShowUITests.xctest */,
			);
			name = Products;
			sourceTree = "<group>";
		};
		3B0ADBE52060CEF600494E4B /* Show */ = {
			isa = PBXGroup;
			children = (
				3B0ADBE62060CEF600494E4B /* AppDelegate.swift */,
				3B0ADBE82060CEF600494E4B /* ViewController.swift */,
				3B0ADBEA2060CEF600494E4B /* Main.storyboard */,
				3B0ADBED2060CEF600494E4B /* Assets.xcassets */,
				3B0ADBEF2060CEF600494E4B /* LaunchScreen.storyboard */,
				3B0ADBF22060CEF600494E4B /* Info.plist */,
			);
			path = Show;
			sourceTree = "<group>";
		};
		3B0ADBFA2060CEF600494E4B /* ShowTests */ = {
			isa = PBXGroup;
			children = (
				3B0ADBFB2060CEF600494E4B /* ShowTests.swift */,
				3B0ADBFD2060CEF600494E4B /* Info.plist */,
			);
			path = ShowTests;
			sourceTree = "<group>";
		};
		3B0ADC052060CEF700494E4B /* ShowUITests */ = {
			isa = PBXGroup;
			children = (
				3B0ADC062060CEF700494E4B /* ShowUITests.swift */,
				3B0ADC082060CEF700494E4B /* Info.plist */,
			);
			path = ShowUITests;
			sourceTree = "<group>";
		};
/* End PBXGroup section */

/* Begin PBXNativeTarget section */
		3B0ADBE22060CEF600494E4B /* Show */ = {
			isa = PBXNativeTarget;
			buildConfigurationList = 3B0ADC0B2060CEF700494E4B /* Build configuration list for PBXNativeTarget "Show" */;
			buildPhases = (
				3B0ADBDF2060CEF600494E4B /* Sources */,
				3B0ADBE02060CEF600494E4B /* Frameworks */,
				3B0ADBE12060CEF600494E4B /* Resources */,
			);
			buildRules = (
			);
			dependencies = (
			);
			name = Show;
			productName = Show;
			productReference = 3B0ADBE32060CEF600494E4B /* Show.app */;
			productType = "com.apple.product-type.application";
		};
		3B0ADBF62060CEF600494E4B /* ShowTests */ = {
			isa = PBXNativeTarget;
			buildConfigurationList = 3B0ADC0E2060CEF700494E4B /* Build configuration list for PBXNativeTarget "ShowTests" */;
			buildPhases = (
				3B0ADBF32060CEF600494E4B /* Sources */,
				3B0ADBF42060CEF600494E4B /* Frameworks */,
				3B0ADBF52060CEF600494E4B /* Resources */,
			);
			buildRules = (
			);
			dependencies = (
				3B0ADBF92060CEF600494E4B /* PBXTargetDependency */,
			);
			name = ShowTests;
			productName = ShowTests;
			productReference = 3B0ADBF72060CEF600494E4B /* ShowTests.xctest */;
			productType = "com.apple.product-type.bundle.unit-test";
		};
		3B0ADC012060CEF700494E4B /* ShowUITests */ = {
			isa = PBXNativeTarget;
			buildConfigurationList = 3B0ADC112060CEF700494E4B /* Build configuration list for PBXNativeTarget "ShowUITests" */;
			buildPhases = (
				3B0ADBFE2060CEF700494E4B /* Sources */,
				3B0ADBFF2060CEF700494E4B /* Frameworks */,
				3B0ADC002060CEF700494E4B /* Resources */,
			);
			buildRules = (
			);
			dependencies = (
				3B0ADC042060CEF700494E4B /* PBXTargetDependency */,
			);
			name = ShowUITests;
			productName = ShowUITests;
			productReference = 3B0ADC022060CEF700494E4B /* ShowUITests.xctest */;
			productType = "com.apple.product-type.bundle.ui-testing";
		};
/* End PBXNativeTarget section */

/* Begin PBXProject section */
		3B0ADBDB2060CEF600494E4B /* Project object */ = {
			isa = PBXProject;
			attributes = {
				LastSwiftUpdateCheck = 0920;
				LastUpgradeCheck = 0920;
				ORGANIZATIONNAME = "Gbenga Ayobami";
				TargetAttributes = {
					3B0ADBE22060CEF600494E4B = {
						CreatedOnToolsVersion = 9.2;
						ProvisioningStyle = Automatic;
					};
					3B0ADBF62060CEF600494E4B = {
						CreatedOnToolsVersion = 9.2;
						ProvisioningStyle = Automatic;
						TestTargetID = 3B0ADBE22060CEF600494E4B;
					};
					3B0ADC012060CEF700494E4B = {
						CreatedOnToolsVersion = 9.2;
						ProvisioningStyle = Automatic;
						TestTargetID = 3B0ADBE22060CEF600494E4B;
					};
				};
			};
			buildConfigurationList = 3B0ADBDE2060CEF600494E4B /* Build configuration list for PBXProject "Show" */;
			compatibilityVersion = "Xcode 8.0";
			developmentRegion = en;
			hasScannedForEncodings = 0;
			knownRegions = (
				en,
				Base,
			);
			mainGroup = 3B0ADBDA2060CEF600494E4B;
			productRefGroup = 3B0ADBE42060CEF600494E4B /* Products */;
			projectDirPath = "";
			projectRoot = "";
			targets = (
				3B0ADBE22060CEF600494E4B /* Show */,
				3B0ADBF62060CEF600494E4B /* ShowTests */,
				3B0ADC012060CEF700494E4B /* ShowUITests */,
			);
		};
/* End PBXProject section */

/* Begin PBXResourcesBuildPhase section */
		3B0ADBE12060CEF600494E4B /* Resources */ = {
			isa = PBXResourcesBuildPhase;
			buildActionMask = 2147483647;
			files = (
				3B0ADBF12060CEF600494E4B /* LaunchScreen.storyboard in Resources */,
				3B0ADBEE2060CEF600494E4B /* Assets.xcassets in Resources */,
				3B0ADBEC2060CEF600494E4B /* Main.storyboard in Resources */,
			);
			runOnlyForDeploymentPostprocessing = 0;
		};
		3B0ADBF52060CEF600494E4B /* Resources */ = {
			isa = PBXResourcesBuildPhase;
			buildActionMask = 2147483647;
			files = (
			);
			runOnlyForDeploymentPostprocessing = 0;
		};
		3B0ADC002060CEF700494E4B /* Resources */ = {
			isa = PBXResourcesBuildPhase;
			buildActionMask = 2147483647;
			files = (
			);
			runOnlyForDeploymentPostprocessing = 0;
		};
/* End PBXResourcesBuildPhase section */

/* Begin PBXSourcesBuildPhase section */
		3B0ADBDF2060CEF600494E4B /* Sources */ = {
			isa = PBXSourcesBuildPhase;
			buildActionMask = 2147483647;
			files = (
				3B0ADBE92060CEF600494E4B /* ViewController.swift in Sources */,
				3B0ADBE72060CEF600494E4B /* AppDelegate.swift in Sources */,
			);
			runOnlyForDeploymentPostprocessing = 0;
		};
		3B0ADBF32060CEF600494E4B /* Sources */ = {
			isa = PBXSourcesBuildPhase;
			buildActionMask = 2147483647;
			files = (
				3B0ADBFC2060CEF600494E4B /* ShowTests.swift in Sources */,
			);
			runOnlyForDeploymentPostprocessing = 0;
		};
		3B0ADBFE2060CEF700494E4B /* Sources */ = {
			isa = PBXSourcesBuildPhase;
			buildActionMask = 2147483647;
			files = (
				3B0ADC072060CEF700494E4B /* ShowUITests.swift in Sources */,
			);
			runOnlyForDeploymentPostprocessing = 0;
		};
/* End PBXSourcesBuildPhase section */

/* Begin PBXTargetDependency section */
		3B0ADBF92060CEF600494E4B /* PBXTargetDependency */ = {
			isa = PBXTargetDependency;
			target = 3B0ADBE22060CEF600494E4B /* Show */;
			targetProxy = 3B0ADBF82060CEF600494E4B /* PBXContainerItemProxy */;
		};
		3B0ADC042060CEF700494E4B /* PBXTargetDependency */ = {
			isa = PBXTargetDependency;
			target = 3B0ADBE22060CEF600494E4B /* Show */;
			targetProxy = 3B0ADC032060CEF700494E4B /* PBXContainerItemProxy */;
		};
/* End PBXTargetDependency section */

/* Begin PBXVariantGroup section */
		3B0ADBEA2060CEF600494E4B /* Main.storyboard */ = {
			isa = PBXVariantGroup;
			children = (
				3B0ADBEB2060CEF600494E4B /* Base */,
			);
			name = Main.storyboard;
			sourceTree = "<group>";
		};
		3B0ADBEF2060CEF600494E4B /* LaunchScreen.storyboard */ = {
			isa = PBXVariantGroup;
			children = (
				3B0ADBF02060CEF600494E4B /* Base */,
			);
			name = LaunchScreen.storyboard;
			sourceTree = "<group>";
		};
/* End PBXVariantGroup section */

/* Begin XCBuildConfiguration section */
		3B0ADC092060CEF700494E4B /* Debug */ = {
			isa = XCBuildConfiguration;
			buildSettings = {
				ALWAYS_SEARCH_USER_PATHS = NO;
				CLANG_ANALYZER_NONNULL = YES;
				CLANG_ANALYZER_NUMBER_OBJECT_CONVERSION = YES_AGGRESSIVE;
				CLANG_CXX_LANGUAGE_STANDARD = "gnu++14";
				CLANG_CXX_LIBRARY = "libc++";
				CLANG_ENABLE_MODULES = YES;
				CLANG_ENABLE_OBJC_ARC = YES;
				CLANG_WARN_BLOCK_CAPTURE_AUTORELEASING = YES;
				CLANG_WARN_BOOL_CONVERSION = YES;
				CLANG_WARN_COMMA = YES;
				CLANG_WARN_CONSTANT_CONVERSION = YES;
				CLANG_WARN_DIRECT_OBJC_ISA_USAGE = YES_ERROR;
				CLANG_WARN_DOCUMENTATION_COMMENTS = YES;
				CLANG_WARN_EMPTY_BODY = YES;
				CLANG_WARN_ENUM_CONVERSION = YES;
				CLANG_WARN_INFINITE_RECURSION = YES;
				CLANG_WARN_INT_CONVERSION = YES;
				CLANG_WARN_NON_LITERAL_NULL_CONVERSION = YES;
				CLANG_WARN_OBJC_LITERAL_CONVERSION = YES;
				CLANG_WARN_OBJC_ROOT_CLASS = YES_ERROR;
				CLANG_WARN_RANGE_LOOP_ANALYSIS = YES;
				CLANG_WARN_STRICT_PROTOTYPES = YES;
				CLANG_WARN_SUSPICIOUS_MOVE = YES;
				CLANG_WARN_UNGUARDED_AVAILABILITY = YES_AGGRESSIVE;
				CLANG_WARN_UNREACHABLE_CODE = YES;
				CLANG_WARN__DUPLICATE_METHOD_MATCH = YES;
				CODE_SIGN_IDENTITY = "iPhone Developer";
				COPY_PHASE_STRIP = NO;
				DEBUG_INFORMATION_FORMAT = dwarf;
				ENABLE_STRICT_OBJC_MSGSEND = YES;
				ENABLE_TESTABILITY = YES;
				GCC_C_LANGUAGE_STANDARD = gnu11;
				GCC_DYNAMIC_NO_PIC = NO;
				GCC_NO_COMMON_BLOCKS = YES;
				GCC_OPTIMIZATION_LEVEL = 0;
				GCC_PREPROCESSOR_DEFINITIONS = (
					"DEBUG=1",
					"$(inherited)",
				);
				GCC_WARN_64_TO_32_BIT_CONVERSION = YES;
				GCC_WARN_ABOUT_RETURN_TYPE = YES_ERROR;
				GCC_WARN_UNDECLARED_SELECTOR = YES;
				GCC_WARN_UNINITIALIZED_AUTOS = YES_AGGRESSIVE;
				GCC_WARN_UNUSED_FUNCTION = YES;
				GCC_WARN_UNUSED_VARIABLE = YES;
				IPHONEOS_DEPLOYMENT_TARGET = 11.2;
				MTL_ENABLE_DEBUG_INFO = YES;
				ONLY_ACTIVE_ARCH = YES;
				SDKROOT = iphoneos;
				SWIFT_ACTIVE_COMPILATION_CONDITIONS = DEBUG;
				SWIFT_OPTIMIZATION_LEVEL = "-Onone";
			};
			name = Debug;
		};
		3B0ADC0A2060CEF700494E4B /* Release */ = {
			isa = XCBuildConfiguration;
			buildSettings = {
				ALWAYS_SEARCH_USER_PATHS = NO;
				CLANG_ANALYZER_NONNULL = YES;
				CLANG_ANALYZER_NUMBER_OBJECT_CONVERSION = YES_AGGRESSIVE;
				CLANG_CXX_LANGUAGE_STANDARD = "gnu++14";
				CLANG_CXX_LIBRARY = "libc++";
				CLANG_ENABLE_MODULES = YES;
				CLANG_ENABLE_OBJC_ARC = YES;
				CLANG_WARN_BLOCK_CAPTURE_AUTORELEASING = YES;
				CLANG_WARN_BOOL_CONVERSION = YES;
				CLANG_WARN_COMMA = YES;
				CLANG_WARN_CONSTANT_CONVERSION = YES;
				CLANG_WARN_DIRECT_OBJC_ISA_USAGE = YES_ERROR;
				CLANG_WARN_DOCUMENTATION_COMMENTS = YES;
				CLANG_WARN_EMPTY_BODY = YES;
				CLANG_WARN_ENUM_CONVERSION = YES;
				CLANG_WARN_INFINITE_RECURSION = YES;
				CLANG_WARN_INT_CONVERSION = YES;
				CLANG_WARN_NON_LITERAL_NULL_CONVERSION = YES;
				CLANG_WARN_OBJC_LITERAL_CONVERSION = YES;
				CLANG_WARN_OBJC_ROOT_CLASS = YES_ERROR;
				CLANG_WARN_RANGE_LOOP_ANALYSIS = YES;
				CLANG_WARN_STRICT_PROTOTYPES = YES;
				CLANG_WARN_SUSPICIOUS_MOVE = YES;
				CLANG_WARN_UNGUARDED_AVAILABILITY = YES_AGGRESSIVE;
				CLANG_WARN_UNREACHABLE_CODE = YES;
				CLANG_WARN__DUPLICATE_METHOD_MATCH = YES;
				CODE_SIGN_IDENTITY = "iPhone Developer";
				COPY_PHASE_STRIP = NO;
				DEBUG_INFORMATION_FORMAT = "dwarf-with-dsym";
				ENABLE_NS_ASSERTIONS = NO;
				ENABLE_STRICT_OBJC_MSGSEND = YES;
				GCC_C_LANGUAGE_STANDARD = gnu11;
				GCC_NO_COMMON_BLOCKS = YES;
				GCC_WARN_64_TO_32_BIT_CONVERSION = YES;
				GCC_WARN_ABOUT_RETURN_TYPE = YES_ERROR;
				GCC_WARN_UNDECLARED_SELECTOR = YES;
				GCC_WARN_UNINITIALIZED_AUTOS = YES_AGGRESSIVE;
				GCC_WARN_UNUSED_FUNCTION = YES;
				GCC_WARN_UNUSED_VARIABLE = YES;
				IPHONEOS_DEPLOYMENT_TARGET = 11.2;
				MTL_ENABLE_DEBUG_INFO = NO;
				SDKROOT = iphoneos;
				SWIFT_OPTIMIZATION_LEVEL = "-Owholemodule";
				VALIDATE_PRODUCT = YES;
			};
			name = Release;
		};
		3B0ADC0C2060CEF700494E4B /* Debug */ = {
			isa = XCBuildConfiguration;
			buildSettings = {
				ASSETCATALOG_COMPILER_APPICON_NAME = AppIcon;
				CODE_SIGN_STYLE = Automatic;
				DEVELOPMENT_TEAM = U9UH323WC7;
				INFOPLIST_FILE = Show/Info.plist;
				LD_RUNPATH_SEARCH_PATHS = "$(inherited) @executable_path/Frameworks";
				PRODUCT_BUNDLE_IDENTIFIER = com.gbengaoyeee.Show;
				PRODUCT_NAME = "$(TARGET_NAME)";
				SWIFT_VERSION = 4.0;
				TARGETED_DEVICE_FAMILY = "1,2";
			};
			name = Debug;
		};
		3B0ADC0D2060CEF700494E4B /* Release */ = {
			isa = XCBuildConfiguration;
			buildSettings = {
				ASSETCATALOG_COMPILER_APPICON_NAME = AppIcon;
				CODE_SIGN_STYLE = Automatic;
				DEVELOPMENT_TEAM = U9UH323WC7;
				INFOPLIST_FILE = Show/Info.plist;
				LD_RUNPATH_SEARCH_PATHS = "$(inherited) @executable_path/Frameworks";
				PRODUCT_BUNDLE_IDENTIFIER = com.gbengaoyeee.Show;
				PRODUCT_NAME = "$(TARGET_NAME)";
				SWIFT_VERSION = 4.0;
				TARGETED_DEVICE_FAMILY = "1,2";
			};
			name = Release;
		};
		3B0ADC0F2060CEF700494E4B /* Debug */ = {
			isa = XCBuildConfiguration;
			buildSettings = {
				ALWAYS_EMBED_SWIFT_STANDARD_LIBRARIES = YES;
				BUNDLE_LOADER = "$(TEST_HOST)";
				CODE_SIGN_STYLE = Automatic;
				DEVELOPMENT_TEAM = U9UH323WC7;
				INFOPLIST_FILE = ShowTests/Info.plist;
				LD_RUNPATH_SEARCH_PATHS = "$(inherited) @executable_path/Frameworks @loader_path/Frameworks";
				PRODUCT_BUNDLE_IDENTIFIER = com.gbengaoyeee.ShowTests;
				PRODUCT_NAME = "$(TARGET_NAME)";
				SWIFT_VERSION = 4.0;
				TARGETED_DEVICE_FAMILY = "1,2";
				TEST_HOST = "$(BUILT_PRODUCTS_DIR)/Show.app/Show";
			};
			name = Debug;
		};
		3B0ADC102060CEF700494E4B /* Release */ = {
			isa = XCBuildConfiguration;
			buildSettings = {
				ALWAYS_EMBED_SWIFT_STANDARD_LIBRARIES = YES;
				BUNDLE_LOADER = "$(TEST_HOST)";
				CODE_SIGN_STYLE = Automatic;
				DEVELOPMENT_TEAM = U9UH323WC7;
				INFOPLIST_FILE = ShowTests/Info.plist;
				LD_RUNPATH_SEARCH_PATHS = "$(inherited) @executable_path/Frameworks @loader_path/Frameworks";
				PRODUCT_BUNDLE_IDENTIFIER = com.gbengaoyeee.ShowTests;
				PRODUCT_NAME = "$(TARGET_NAME)";
				SWIFT_VERSION = 4.0;
				TARGETED_DEVICE_FAMILY = "1,2";
				TEST_HOST = "$(BUILT_PRODUCTS_DIR)/Show.app/Show";
			};
			name = Release;
		};
		3B0ADC122060CEF700494E4B /* Debug */ = {
			isa = XCBuildConfiguration;
			buildSettings = {
				ALWAYS_EMBED_SWIFT_STANDARD_LIBRARIES = YES;
				CODE_SIGN_STYLE = Automatic;
				DEVELOPMENT_TEAM = U9UH323WC7;
				INFOPLIST_FILE = ShowUITests/Info.plist;
				LD_RUNPATH_SEARCH_PATHS = "$(inherited) @executable_path/Frameworks @loader_path/Frameworks";
				PRODUCT_BUNDLE_IDENTIFIER = com.gbengaoyeee.ShowUITests;
				PRODUCT_NAME = "$(TARGET_NAME)";
				SWIFT_VERSION = 4.0;
				TARGETED_DEVICE_FAMILY = "1,2";
				TEST_TARGET_NAME = Show;
			};
			name = Debug;
		};
		3B0ADC132060CEF700494E4B /* Release */ = {
			isa = XCBuildConfiguration;
			buildSettings = {
				ALWAYS_EMBED_SWIFT_STANDARD_LIBRARIES = YES;
				CODE_SIGN_STYLE = Automatic;
				DEVELOPMENT_TEAM = U9UH323WC7;
				INFOPLIST_FILE = ShowUITests/Info.plist;
				LD_RUNPATH_SEARCH_PATHS = "$(inherited) @executable_path/Frameworks @loader_path/Frameworks";
				PRODUCT_BUNDLE_IDENTIFIER = com.gbengaoyeee.ShowUITests;
				PRODUCT_NAME = "$(TARGET_NAME)";
				SWIFT_VERSION = 4.0;
				TARGETED_DEVICE_FAMILY = "1,2";
				TEST_TARGET_NAME = Show;
			};
			name = Release;
		};
/* End XCBuildConfiguration section */

/* Begin XCConfigurationList section */
		3B0ADBDE2060CEF600494E4B /* Build configuration list for PBXProject "Show" */ = {
			isa = XCConfigurationList;
			buildConfigurations = (
				3B0ADC092060CEF700494E4B /* Debug */,
				3B0ADC0A2060CEF700494E4B /* Release */,
			);
			defaultConfigurationIsVisible = 0;
			defaultConfigurationName = Release;
		};
		3B0ADC0B2060CEF700494E4B /* Build configuration list for PBXNativeTarget "Show" */ = {
			isa = XCConfigurationList;
			buildConfigurations = (
				3B0ADC0C2060CEF700494E4B /* Debug */,
				3B0ADC0D2060CEF700494E4B /* Release */,
			);
			defaultConfigurationIsVisible = 0;
			defaultConfigurationName = Release;
		};
		3B0ADC0E2060CEF700494E4B /* Build configuration list for PBXNativeTarget "ShowTests" */ = {
			isa = XCConfigurationList;
			buildConfigurations = (
				3B0ADC0F2060CEF700494E4B /* Debug */,
				3B0ADC102060CEF700494E4B /* Release */,
			);
			defaultConfigurationIsVisible = 0;
			defaultConfigurationName = Release;
		};
		3B0ADC112060CEF700494E4B /* Build configuration list for PBXNativeTarget "ShowUITests" */ = {
			isa = XCConfigurationList;
			buildConfigurations = (
				3B0ADC122060CEF700494E4B /* Debug */,
				3B0ADC132060CEF700494E4B /* Release */,
			);
			defaultConfigurationIsVisible = 0;
			defaultConfigurationName = Release;
		};
/* End XCConfigurationList section */
	};
	rootObject = 3B0ADBDB2060CEF600494E4B /* Project object */;
}
